
Microsoft Visual Studio Solution File, Format Version 12.00
# Visual Studio Version 17
VisualStudioVersion = 17.0.31903.59
MinimumVisualStudioVersion = 10.0.40219.1
Project("{FAE04EC0-301F-11D3-BF4B-00C04F79EFBC}") = "RefCheckPro.Domain", "RefCheckPro.Domain\RefCheckPro.Domain.csproj", "{E34FBB2E-C3C3-4CD9-BE78-70DE0EC3D69C}"
EndProject
Project("{FAE04EC0-301F-11D3-BF4B-00C04F79EFBC}") = "RefCheckPro.Infrastructure", "RefCheckPro.Infrastructure\RefCheckPro.Infrastructure.csproj", "{1C0D3D39-51D4-476A-8E26-02084C6A16CE}"
EndProject
Project("{FAE04EC0-301F-11D3-BF4B-00C04F79EFBC}") = "RefCheckPro.Api", "RefCheckPro.Api\RefCheckPro.Api.csproj", "{DC4A964E-E95A-4C6E-9C95-B70B23682842}"
EndProject
Project("{FAE04EC0-301F-11D3-BF4B-00C04F79EFBC}") = "RefCheckPro.Tests.Unit", "RefCheckPro.Tests.Unit\RefCheckPro.Tests.Unit.csproj", "{C546BBF3-E22C-4E42-B84B-517584E60501}"
EndProject
Project("{FAE04EC0-301F-11D3-BF4B-00C04F79EFBC}") = "RefCheckPro.Tests.Integration", "RefCheckPro.Tests.Integration\RefCheckPro.Tests.Integration.csproj", "{66F97EE4-153E-4811-8890-EF83F2AC7ADD}"
EndProject
Global
	GlobalSection(SolutionConfigurationPlatforms) = preSolution
		Debug|Any CPU = Debug|Any CPU
		Debug|x64 = Debug|x64
		Debug|x86 = Debug|x86
		Release|Any CPU = Release|Any CPU
		Release|x64 = Release|x64
		Release|x86 = Release|x86
	EndGlobalSection
	GlobalSection(ProjectConfigurationPlatforms) = postSolution
		{E34FBB2E-C3C3-4CD9-BE78-70DE0EC3D69C}.Debug|Any CPU.ActiveCfg = Debug|Any CPU
		{E34FBB2E-C3C3-4CD9-BE78-70DE0EC3D69C}.Debug|Any CPU.Build.0 = Debug|Any CPU
		{E34FBB2E-C3C3-4CD9-BE78-70DE0EC3D69C}.Debug|x64.ActiveCfg = Debug|Any CPU
		{E34FBB2E-C3C3-4CD9-BE78-70DE0EC3D69C}.Debug|x64.Build.0 = Debug|Any CPU
		{E34FBB2E-C3C3-4CD9-BE78-70DE0EC3D69C}.Debug|x86.ActiveCfg = Debug|Any CPU
		{E34FBB2E-C3C3-4CD9-BE78-70DE0EC3D69C}.Debug|x86.Build.0 = Debug|Any CPU
		{E34FBB2E-C3C3-4CD9-BE78-70DE0EC3D69C}.Release|Any CPU.ActiveCfg = Release|Any CPU
		{E34FBB2E-C3C3-4CD9-BE78-70DE0EC3D69C}.Release|Any CPU.Build.0 = Release|Any CPU
		{E34FBB2E-C3C3-4CD9-BE78-70DE0EC3D69C}.Release|x64.ActiveCfg = Release|Any CPU
		{E34FBB2E-C3C3-4CD9-BE78-70DE0EC3D69C}.Release|x64.Build.0 = Release|Any CPU
		{E34FBB2E-C3C3-4CD9-BE78-70DE0EC3D69C}.Release|x86.ActiveCfg = Release|Any CPU
		{E34FBB2E-C3C3-4CD9-BE78-70DE0EC3D69C}.Release|x86.Build.0 = Release|Any CPU
		{1C0D3D39-51D4-476A-8E26-02084C6A16CE}.Debug|Any CPU.ActiveCfg = Debug|Any CPU
		{1C0D3D39-51D4-476A-8E26-02084C6A16CE}.Debug|Any CPU.Build.0 = Debug|Any CPU
		{1C0D3D39-51D4-476A-8E26-02084C6A16CE}.Debug|x64.ActiveCfg = Debug|Any CPU
		{1C0D3D39-51D4-476A-8E26-02084C6A16CE}.Debug|x64.Build.0 = Debug|Any CPU
		{1C0D3D39-51D4-476A-8E26-02084C6A16CE}.Debug|x86.ActiveCfg = Debug|Any CPU
		{1C0D3D39-51D4-476A-8E26-02084C6A16CE}.Debug|x86.Build.0 = Debug|Any CPU
		{1C0D3D39-51D4-476A-8E26-02084C6A16CE}.Release|Any CPU.ActiveCfg = Release|Any CPU
		{1C0D3D39-51D4-476A-8E26-02084C6A16CE}.Release|Any CPU.Build.0 = Release|Any CPU
		{1C0D3D39-51D4-476A-8E26-02084C6A16CE}.Release|x64.ActiveCfg = Release|Any CPU
		{1C0D3D39-51D4-476A-8E26-02084C6A16CE}.Release|x64.Build.0 = Release|Any CPU
		{1C0D3D39-51D4-476A-8E26-02084C6A16CE}.Release|x86.ActiveCfg = Release|Any CPU
		{1C0D3D39-51D4-476A-8E26-02084C6A16CE}.Release|x86.Build.0 = Release|Any CPU
		{DC4A964E-E95A-4C6E-9C95-B70B23682842}.Debug|Any CPU.ActiveCfg = Debug|Any CPU
		{DC4A964E-E95A-4C6E-9C95-B70B23682842}.Debug|Any CPU.Build.0 = Debug|Any CPU
		{DC4A964E-E95A-4C6E-9C95-B70B23682842}.Debug|x64.ActiveCfg = Debug|Any CPU
		{DC4A964E-E95A-4C6E-9C95-B70B23682842}.Debug|x64.Build.0 = Debug|Any CPU
		{DC4A964E-E95A-4C6E-9C95-B70B23682842}.Debug|x86.ActiveCfg = Debug|Any CPU
		{DC4A964E-E95A-4C6E-9C95-B70B23682842}.Debug|x86.Build.0 = Debug|Any CPU
		{DC4A964E-E95A-4C6E-9C95-B70B23682842}.Release|Any CPU.ActiveCfg = Release|Any CPU
		{DC4A964E-E95A-4C6E-9C95-B70B23682842}.Release|Any CPU.Build.0 = Release|Any CPU
		{DC4A964E-E95A-4C6E-9C95-B70B23682842}.Release|x64.ActiveCfg = Release|Any CPU
		{DC4A964E-E95A-4C6E-9C95-B70B23682842}.Release|x64.Build.0 = Release|Any CPU
		{DC4A964E-E95A-4C6E-9C95-B70B23682842}.Release|x86.ActiveCfg = Release|Any CPU
		{DC4A964E-E95A-4C6E-9C95-B70B23682842}.Release|x86.Build.0 = Release|Any CPU
		{C546BBF3-E22C-4E42-B84B-517584E60501}.Debug|Any CPU.ActiveCfg = Debug|Any CPU
		{C546BBF3-E22C-4E42-B84B-517584E60501}.Debug|Any CPU.Build.0 = Debug|Any CPU
		{C546BBF3-E22C-4E42-B84B-517584E60501}.Debug|x64.ActiveCfg = Debug|Any CPU
		{C546BBF3-E22C-4E42-B84B-517584E60501}.Debug|x64.Build.0 = Debug|Any CPU
		{C546BBF3-E22C-4E42-B84B-517584E60501}.Debug|x86.ActiveCfg = Debug|Any CPU
		{C546BBF3-E22C-4E42-B84B-517584E60501}.Debug|x86.Build.0 = Debug|Any CPU
		{C546BBF3-E22C-4E42-B84B-517584E60501}.Release|Any CPU.ActiveCfg = Release|Any CPU
		{C546BBF3-E22C-4E42-B84B-517584E60501}.Release|Any CPU.Build.0 = Release|Any CPU
		{C546BBF3-E22C-4E42-B84B-517584E60501}.Release|x64.ActiveCfg = Release|Any CPU
		{C546BBF3-E22C-4E42-B84B-517584E60501}.Release|x64.Build.0 = Release|Any CPU
		{C546BBF3-E22C-4E42-B84B-517584E60501}.Release|x86.ActiveCfg = Release|Any CPU
		{C546BBF3-E22C-4E42-B84B-517584E60501}.Release|x86.Build.0 = Release|Any CPU
		{66F97EE4-153E-4811-8890-EF83F2AC7ADD}.Debug|Any CPU.ActiveCfg = Debug|Any CPU
		{66F97EE4-153E-4811-8890-EF83F2AC7ADD}.Debug|Any CPU.Build.0 = Debug|Any CPU
		{66F97EE4-153E-4811-8890-EF83F2AC7ADD}.Debug|x64.ActiveCfg = Debug|Any CPU
		{66F97EE4-153E-4811-8890-EF83F2AC7ADD}.Debug|x64.Build.0 = Debug|Any CPU
		{66F97EE4-153E-4811-8890-EF83F2AC7ADD}.Debug|x86.ActiveCfg = Debug|Any CPU
		{66F97EE4-153E-4811-8890-EF83F2AC7ADD}.Debug|x86.Build.0 = Debug|Any CPU
		{66F97EE4-153E-4811-8890-EF83F2AC7ADD}.Release|Any CPU.ActiveCfg = Release|Any CPU
		{66F97EE4-153E-4811-8890-EF83F2AC7ADD}.Release|Any CPU.Build.0 = Release|Any CPU
		{66F97EE4-153E-4811-8890-EF83F2AC7ADD}.Release|x64.ActiveCfg = Release|Any CPU
		{66F97EE4-153E-4811-8890-EF83F2AC7ADD}.Release|x64.Build.0 = Release|Any CPU
		{66F97EE4-153E-4811-8890-EF83F2AC7ADD}.Release|x86.ActiveCfg = Release|Any CPU
		{66F97EE4-153E-4811-8890-EF83F2AC7ADD}.Release|x86.Build.0 = Release|Any CPU
	EndGlobalSection
	GlobalSection(SolutionProperties) = preSolution
		HideSolutionNode = FALSE
	EndGlobalSection
EndGlobal
